
Microsoft Visual Studio Solution File, Format Version 12.00
# Visual Studio Version 16
VisualStudioVersion = 16.0.32228.343
MinimumVisualStudioVersion = 10.0.40219.1
Project("{FAE04EC0-301F-11D3-BF4B-00C04F79EFBC}") = "ExercicioPropostoHerancaPoliformismo", "ExercicioPropostoHerancaPoliformismo\ExercicioPropostoHerancaPoliformismo.csproj", "{614B366E-0D0E-42A6-9846-755218A768D4}"
EndProject
Global
	GlobalSection(SolutionConfigurationPlatforms) = preSolution
		Debug|Any CPU = Debug|Any CPU
		Release|Any CPU = Release|Any CPU
	EndGlobalSection
	GlobalSection(ProjectConfigurationPlatforms) = postSolution
		{614B366E-0D0E-42A6-9846-755218A768D4}.Debug|Any CPU.ActiveCfg = Debug|Any CPU
		{614B366E-0D0E-42A6-9846-755218A768D4}.Debug|Any CPU.Build.0 = Debug|Any CPU
		{614B366E-0D0E-42A6-9846-755218A768D4}.Release|Any CPU.ActiveCfg = Release|Any CPU
		{614B366E-0D0E-42A6-9846-755218A768D4}.Release|Any CPU.Build.0 = Release|Any CPU
	EndGlobalSection
	GlobalSection(SolutionProperties) = preSolution
		HideSolutionNode = FALSE
	EndGlobalSection
	GlobalSection(ExtensibilityGlobals) = postSolution
		SolutionGuid = {4526B3B1-2697-47F8-89D8-1671DEAB76CD}
	EndGlobalSection
EndGlobal
