
Microsoft Visual Studio Solution File, Format Version 12.00
# Visual Studio Version 16
VisualStudioVersion = 16.0.32228.343
MinimumVisualStudioVersion = 10.0.40219.1
Project("{FAE04EC0-301F-11D3-BF4B-00C04F79EFBC}") = "ExercicioFixacaoEnums", "ExercicioFixacaoEnums\ExercicioFixacaoEnums.csproj", "{03B10EAE-0442-4C3D-AC69-CEA3B7C730C3}"
EndProject
Global
	GlobalSection(SolutionConfigurationPlatforms) = preSolution
		Debug|Any CPU = Debug|Any CPU
		Release|Any CPU = Release|Any CPU
	EndGlobalSection
	GlobalSection(ProjectConfigurationPlatforms) = postSolution
		{03B10EAE-0442-4C3D-AC69-CEA3B7C730C3}.Debug|Any CPU.ActiveCfg = Debug|Any CPU
		{03B10EAE-0442-4C3D-AC69-CEA3B7C730C3}.Debug|Any CPU.Build.0 = Debug|Any CPU
		{03B10EAE-0442-4C3D-AC69-CEA3B7C730C3}.Release|Any CPU.ActiveCfg = Release|Any CPU
		{03B10EAE-0442-4C3D-AC69-CEA3B7C730C3}.Release|Any CPU.Build.0 = Release|Any CPU
	EndGlobalSection
	GlobalSection(SolutionProperties) = preSolution
		HideSolutionNode = FALSE
	EndGlobalSection
	GlobalSection(ExtensibilityGlobals) = postSolution
		SolutionGuid = {DEBE7E59-5133-43F0-A443-7F819038BFD3}
	EndGlobalSection
EndGlobal
