
Microsoft Visual Studio Solution File, Format Version 12.00
# Visual Studio Version 16
VisualStudioVersion = 16.0.32228.343
MinimumVisualStudioVersion = 10.0.40219.1
Project("{FAE04EC0-301F-11D3-BF4B-00C04F79EFBC}") = "ExercicioStringBuilder", "ExercicioStringBuilder\ExercicioStringBuilder.csproj", "{31996A9F-6670-4E0C-9133-0C45834A0F0A}"
EndProject
Global
	GlobalSection(SolutionConfigurationPlatforms) = preSolution
		Debug|Any CPU = Debug|Any CPU
		Release|Any CPU = Release|Any CPU
	EndGlobalSection
	GlobalSection(ProjectConfigurationPlatforms) = postSolution
		{31996A9F-6670-4E0C-9133-0C45834A0F0A}.Debug|Any CPU.ActiveCfg = Debug|Any CPU
		{31996A9F-6670-4E0C-9133-0C45834A0F0A}.Debug|Any CPU.Build.0 = Debug|Any CPU
		{31996A9F-6670-4E0C-9133-0C45834A0F0A}.Release|Any CPU.ActiveCfg = Release|Any CPU
		{31996A9F-6670-4E0C-9133-0C45834A0F0A}.Release|Any CPU.Build.0 = Release|Any CPU
	EndGlobalSection
	GlobalSection(SolutionProperties) = preSolution
		HideSolutionNode = FALSE
	EndGlobalSection
	GlobalSection(ExtensibilityGlobals) = postSolution
		SolutionGuid = {8414B0A9-3AB2-416D-B623-1BADAF17EA05}
	EndGlobalSection
EndGlobal
