
Microsoft Visual Studio Solution File, Format Version 12.00
# Visual Studio Version 16
VisualStudioVersion = 16.0.32228.343
MinimumVisualStudioVersion = 10.0.40219.1
Project("{FAE04EC0-301F-11D3-BF4B-00C04F79EFBC}") = "SituacaoProblema1", "SituacaoProblema1\SituacaoProblema1.csproj", "{337F7B19-E76E-47C8-9CA3-50307F13E022}"
EndProject
Global
	GlobalSection(SolutionConfigurationPlatforms) = preSolution
		Debug|Any CPU = Debug|Any CPU
		Release|Any CPU = Release|Any CPU
	EndGlobalSection
	GlobalSection(ProjectConfigurationPlatforms) = postSolution
		{337F7B19-E76E-47C8-9CA3-50307F13E022}.Debug|Any CPU.ActiveCfg = Debug|Any CPU
		{337F7B19-E76E-47C8-9CA3-50307F13E022}.Debug|Any CPU.Build.0 = Debug|Any CPU
		{337F7B19-E76E-47C8-9CA3-50307F13E022}.Release|Any CPU.ActiveCfg = Release|Any CPU
		{337F7B19-E76E-47C8-9CA3-50307F13E022}.Release|Any CPU.Build.0 = Release|Any CPU
	EndGlobalSection
	GlobalSection(SolutionProperties) = preSolution
		HideSolutionNode = FALSE
	EndGlobalSection
	GlobalSection(ExtensibilityGlobals) = postSolution
		SolutionGuid = {EEABCFF6-6076-4C20-8E7B-2E326757B785}
	EndGlobalSection
EndGlobal
