
Microsoft Visual Studio Solution File, Format Version 12.00
# Visual Studio Version 16
VisualStudioVersion = 16.0.32228.343
MinimumVisualStudioVersion = 10.0.40219.1
Project("{FAE04EC0-301F-11D3-BF4B-00C04F79EFBC}") = "Construtores", "Construtores\Construtores.csproj", "{98D90658-5218-4BE5-9C8B-454A7BF5D539}"
EndProject
Global
	GlobalSection(SolutionConfigurationPlatforms) = preSolution
		Debug|Any CPU = Debug|Any CPU
		Release|Any CPU = Release|Any CPU
	EndGlobalSection
	GlobalSection(ProjectConfigurationPlatforms) = postSolution
		{98D90658-5218-4BE5-9C8B-454A7BF5D539}.Debug|Any CPU.ActiveCfg = Debug|Any CPU
		{98D90658-5218-4BE5-9C8B-454A7BF5D539}.Debug|Any CPU.Build.0 = Debug|Any CPU
		{98D90658-5218-4BE5-9C8B-454A7BF5D539}.Release|Any CPU.ActiveCfg = Release|Any CPU
		{98D90658-5218-4BE5-9C8B-454A7BF5D539}.Release|Any CPU.Build.0 = Release|Any CPU
	EndGlobalSection
	GlobalSection(SolutionProperties) = preSolution
		HideSolutionNode = FALSE
	EndGlobalSection
	GlobalSection(ExtensibilityGlobals) = postSolution
		SolutionGuid = {43D74A40-B60C-4CC6-8F9F-B783DF003BA2}
	EndGlobalSection
EndGlobal
