
Microsoft Visual Studio Solution File, Format Version 12.00
# Visual Studio Version 16
VisualStudioVersion = 16.0.32228.343
MinimumVisualStudioVersion = 10.0.40219.1
Project("{FAE04EC0-301F-11D3-BF4B-00C04F79EFBC}") = "ExercicioAbstractMetodos", "ExercicioAbstractMetodos\ExercicioAbstractMetodos.csproj", "{C45716FE-31D3-4DBF-9925-924ED74B6262}"
EndProject
Global
	GlobalSection(SolutionConfigurationPlatforms) = preSolution
		Debug|Any CPU = Debug|Any CPU
		Release|Any CPU = Release|Any CPU
	EndGlobalSection
	GlobalSection(ProjectConfigurationPlatforms) = postSolution
		{C45716FE-31D3-4DBF-9925-924ED74B6262}.Debug|Any CPU.ActiveCfg = Debug|Any CPU
		{C45716FE-31D3-4DBF-9925-924ED74B6262}.Debug|Any CPU.Build.0 = Debug|Any CPU
		{C45716FE-31D3-4DBF-9925-924ED74B6262}.Release|Any CPU.ActiveCfg = Release|Any CPU
		{C45716FE-31D3-4DBF-9925-924ED74B6262}.Release|Any CPU.Build.0 = Release|Any CPU
	EndGlobalSection
	GlobalSection(SolutionProperties) = preSolution
		HideSolutionNode = FALSE
	EndGlobalSection
	GlobalSection(ExtensibilityGlobals) = postSolution
		SolutionGuid = {8CDA754E-870F-4952-8A65-DA50B09C1E82}
	EndGlobalSection
EndGlobal
