
Microsoft Visual Studio Solution File, Format Version 12.00
# Visual Studio Version 16
VisualStudioVersion = 16.0.32228.343
MinimumVisualStudioVersion = 10.0.40219.1
Project("{FAE04EC0-301F-11D3-BF4B-00C04F79EFBC}") = "ExercicioArquivos", "ExercicioArquivos\ExercicioArquivos.csproj", "{9B5F9B9F-F09D-4DCA-8B72-5065F8D090A0}"
EndProject
Global
	GlobalSection(SolutionConfigurationPlatforms) = preSolution
		Debug|Any CPU = Debug|Any CPU
		Release|Any CPU = Release|Any CPU
	EndGlobalSection
	GlobalSection(ProjectConfigurationPlatforms) = postSolution
		{9B5F9B9F-F09D-4DCA-8B72-5065F8D090A0}.Debug|Any CPU.ActiveCfg = Debug|Any CPU
		{9B5F9B9F-F09D-4DCA-8B72-5065F8D090A0}.Debug|Any CPU.Build.0 = Debug|Any CPU
		{9B5F9B9F-F09D-4DCA-8B72-5065F8D090A0}.Release|Any CPU.ActiveCfg = Release|Any CPU
		{9B5F9B9F-F09D-4DCA-8B72-5065F8D090A0}.Release|Any CPU.Build.0 = Release|Any CPU
	EndGlobalSection
	GlobalSection(SolutionProperties) = preSolution
		HideSolutionNode = FALSE
	EndGlobalSection
	GlobalSection(ExtensibilityGlobals) = postSolution
		SolutionGuid = {36E5E663-6033-422E-9743-302FF7897B5F}
	EndGlobalSection
EndGlobal
