
Microsoft Visual Studio Solution File, Format Version 12.00
# Visual Studio Version 16
VisualStudioVersion = 16.0.32228.343
MinimumVisualStudioVersion = 10.0.40219.1
Project("{FAE04EC0-301F-11D3-BF4B-00C04F79EFBC}") = "exercicioVetores", "exercicioVetores\exercicioVetores.csproj", "{243A4A10-C6C1-484B-BBEE-0E7FAEE86650}"
EndProject
Global
	GlobalSection(SolutionConfigurationPlatforms) = preSolution
		Debug|Any CPU = Debug|Any CPU
		Release|Any CPU = Release|Any CPU
	EndGlobalSection
	GlobalSection(ProjectConfigurationPlatforms) = postSolution
		{243A4A10-C6C1-484B-BBEE-0E7FAEE86650}.Debug|Any CPU.ActiveCfg = Debug|Any CPU
		{243A4A10-C6C1-484B-BBEE-0E7FAEE86650}.Debug|Any CPU.Build.0 = Debug|Any CPU
		{243A4A10-C6C1-484B-BBEE-0E7FAEE86650}.Release|Any CPU.ActiveCfg = Release|Any CPU
		{243A4A10-C6C1-484B-BBEE-0E7FAEE86650}.Release|Any CPU.Build.0 = Release|Any CPU
	EndGlobalSection
	GlobalSection(SolutionProperties) = preSolution
		HideSolutionNode = FALSE
	EndGlobalSection
	GlobalSection(ExtensibilityGlobals) = postSolution
		SolutionGuid = {E4C28A85-5854-48B7-91FB-5E5F46308670}
	EndGlobalSection
EndGlobal
