
Microsoft Visual Studio Solution File, Format Version 12.00
# Visual Studio Version 16
VisualStudioVersion = 16.0.32228.343
MinimumVisualStudioVersion = 10.0.40219.1
Project("{FAE04EC0-301F-11D3-BF4B-00C04F79EFBC}") = "exerciciostruct", "exerciciostruct\exerciciostruct.csproj", "{58A1E2C9-9DA1-4485-8023-5ED557E074AF}"
EndProject
Global
	GlobalSection(SolutionConfigurationPlatforms) = preSolution
		Debug|Any CPU = Debug|Any CPU
		Release|Any CPU = Release|Any CPU
	EndGlobalSection
	GlobalSection(ProjectConfigurationPlatforms) = postSolution
		{58A1E2C9-9DA1-4485-8023-5ED557E074AF}.Debug|Any CPU.ActiveCfg = Debug|Any CPU
		{58A1E2C9-9DA1-4485-8023-5ED557E074AF}.Debug|Any CPU.Build.0 = Debug|Any CPU
		{58A1E2C9-9DA1-4485-8023-5ED557E074AF}.Release|Any CPU.ActiveCfg = Release|Any CPU
		{58A1E2C9-9DA1-4485-8023-5ED557E074AF}.Release|Any CPU.Build.0 = Release|Any CPU
	EndGlobalSection
	GlobalSection(SolutionProperties) = preSolution
		HideSolutionNode = FALSE
	EndGlobalSection
	GlobalSection(ExtensibilityGlobals) = postSolution
		SolutionGuid = {029DF1B8-EF3A-4AB3-B0AB-FEA511D565C0}
	EndGlobalSection
EndGlobal
