
Microsoft Visual Studio Solution File, Format Version 12.00
# Visual Studio Version 16
VisualStudioVersion = 16.0.32228.343
MinimumVisualStudioVersion = 10.0.40219.1
Project("{FAE04EC0-301F-11D3-BF4B-00C04F79EFBC}") = "UMLEntities", "UMLEntities\UMLEntities.csproj", "{EF2BD959-0E60-4B42-8A66-6FF847DF6516}"
EndProject
Global
	GlobalSection(SolutionConfigurationPlatforms) = preSolution
		Debug|Any CPU = Debug|Any CPU
		Release|Any CPU = Release|Any CPU
	EndGlobalSection
	GlobalSection(ProjectConfigurationPlatforms) = postSolution
		{EF2BD959-0E60-4B42-8A66-6FF847DF6516}.Debug|Any CPU.ActiveCfg = Debug|Any CPU
		{EF2BD959-0E60-4B42-8A66-6FF847DF6516}.Debug|Any CPU.Build.0 = Debug|Any CPU
		{EF2BD959-0E60-4B42-8A66-6FF847DF6516}.Release|Any CPU.ActiveCfg = Release|Any CPU
		{EF2BD959-0E60-4B42-8A66-6FF847DF6516}.Release|Any CPU.Build.0 = Release|Any CPU
	EndGlobalSection
	GlobalSection(SolutionProperties) = preSolution
		HideSolutionNode = FALSE
	EndGlobalSection
	GlobalSection(ExtensibilityGlobals) = postSolution
		SolutionGuid = {2DA9FDA7-DB72-4B31-8DB4-EADCF56DE23D}
	EndGlobalSection
EndGlobal
